// !$*UTF8*$!
{
	archiveVersion = 1;
	classes = {
	};
	objectVersion = 51;
	objects = {

/* Begin PBXBuildFile section */
		0EADA0D145E3FF7A8891BF19 /* Pods_Clubhouse.framework in Frameworks */ = {isa = PBXBuildFile; fileRef = 35CCC62DE8168395601C296B /* Pods_Clubhouse.framework */; };
		E2D6DCBE290AA25A00784512 /* AppDelegate.swift in Sources */ = {isa = PBXBuildFile; fileRef = E2D6DCBD290AA25A00784512 /* AppDelegate.swift */; };
		E2D6DCC0290AA25A00784512 /* SceneDelegate.swift in Sources */ = {isa = PBXBuildFile; fileRef = E2D6DCBF290AA25A00784512 /* SceneDelegate.swift */; };
		E2D6DCC2290AA25A00784512 /* ViewController.swift in Sources */ = {isa = PBXBuildFile; fileRef = E2D6DCC1290AA25A00784512 /* ViewController.swift */; };
		E2D6DCC5290AA25A00784512 /* Main.storyboard in Resources */ = {isa = PBXBuildFile; fileRef = E2D6DCC3290AA25A00784512 /* Main.storyboard */; };
		E2D6DCC7290AA25E00784512 /* Assets.xcassets in Resources */ = {isa = PBXBuildFile; fileRef = E2D6DCC6290AA25E00784512 /* Assets.xcassets */; };
		E2D6DCCA290AA25E00784512 /* LaunchScreen.storyboard in Resources */ = {isa = PBXBuildFile; fileRef = E2D6DCC8290AA25E00784512 /* LaunchScreen.storyboard */; };
		E2D6DCD6290AC2BF00784512 /* SecondVC.swift in Sources */ = {isa = PBXBuildFile; fileRef = E2D6DCD5290AC2BF00784512 /* SecondVC.swift */; };
/* End PBXBuildFile section */

/* Begin PBXFileReference section */
		35BAC1CBEC12087C7A85FDFF /* Pods-Clubhouse.debug.xcconfig */ = {isa = PBXFileReference; includeInIndex = 1; lastKnownFileType = text.xcconfig; name = "Pods-Clubhouse.debug.xcconfig"; path = "Target Support Files/Pods-Clubhouse/Pods-Clubhouse.debug.xcconfig"; sourceTree = "<group>"; };
		35CCC62DE8168395601C296B /* Pods_Clubhouse.framework */ = {isa = PBXFileReference; explicitFileType = wrapper.framework; includeInIndex = 0; path = Pods_Clubhouse.framework; sourceTree = BUILT_PRODUCTS_DIR; };
		E2D6DCBA290AA25A00784512 /* Clubhouse.app */ = {isa = PBXFileReference; explicitFileType = wrapper.application; includeInIndex = 0; path = Clubhouse.app; sourceTree = BUILT_PRODUCTS_DIR; };
		E2D6DCBD290AA25A00784512 /* AppDelegate.swift */ = {isa = PBXFileReference; lastKnownFileType = sourcecode.swift; path = AppDelegate.swift; sourceTree = "<group>"; };
		E2D6DCBF290AA25A00784512 /* SceneDelegate.swift */ = {isa = PBXFileReference; lastKnownFileType = sourcecode.swift; path = SceneDelegate.swift; sourceTree = "<group>"; };
		E2D6DCC1290AA25A00784512 /* ViewController.swift */ = {isa = PBXFileReference; lastKnownFileType = sourcecode.swift; path = ViewController.swift; sourceTree = "<group>"; };
		E2D6DCC4290AA25A00784512 /* Base */ = {isa = PBXFileReference; lastKnownFileType = file.storyboard; name = Base; path = Base.lproj/Main.storyboard; sourceTree = "<group>"; };
		E2D6DCC6290AA25E00784512 /* Assets.xcassets */ = {isa = PBXFileReference; lastKnownFileType = folder.assetcatalog; path = Assets.xcassets; sourceTree = "<group>"; };
		E2D6DCC9290AA25E00784512 /* Base */ = {isa = PBXFileReference; lastKnownFileType = file.storyboard; name = Base; path = Base.lproj/LaunchScreen.storyboard; sourceTree = "<group>"; };
		E2D6DCCB290AA25E00784512 /* Info.plist */ = {isa = PBXFileReference; lastKnownFileType = text.plist.xml; path = Info.plist; sourceTree = "<group>"; };
		E2D6DCD5290AC2BF00784512 /* SecondVC.swift */ = {isa = PBXFileReference; lastKnownFileType = sourcecode.swift; path = SecondVC.swift; sourceTree = "<group>"; };
		F44A1C5B6EC7854FA3B7BC4C /* Pods-Clubhouse.release.xcconfig */ = {isa = PBXFileReference; includeInIndex = 1; lastKnownFileType = text.xcconfig; name = "Pods-Clubhouse.release.xcconfig"; path = "Target Support Files/Pods-Clubhouse/Pods-Clubhouse.release.xcconfig"; sourceTree = "<group>"; };
/* End PBXFileReference section */

/* Begin PBXFrameworksBuildPhase section */
		E2D6DCB7290AA25A00784512 /* Frameworks */ = {
			isa = PBXFrameworksBuildPhase;
			buildActionMask = 2147483647;
			files = (
				0EADA0D145E3FF7A8891BF19 /* Pods_Clubhouse.framework in Frameworks */,
			);
			runOnlyForDeploymentPostprocessing = 0;
		};
/* End PBXFrameworksBuildPhase section */

/* Begin PBXGroup section */
		710549A05434C203D938AA5C /* Frameworks */ = {
			isa = PBXGroup;
			children = (
				35CCC62DE8168395601C296B /* Pods_Clubhouse.framework */,
			);
			name = Frameworks;
			sourceTree = "<group>";
		};
		A320147AB21BE59EC69B3F47 /* Pods */ = {
			isa = PBXGroup;
			children = (
				35BAC1CBEC12087C7A85FDFF /* Pods-Clubhouse.debug.xcconfig */,
				F44A1C5B6EC7854FA3B7BC4C /* Pods-Clubhouse.release.xcconfig */,
			);
			path = Pods;
			sourceTree = "<group>";
		};
		E2D6DCB1290AA25A00784512 = {
			isa = PBXGroup;
			children = (
				E2D6DCBC290AA25A00784512 /* Clubhouse */,
				E2D6DCBB290AA25A00784512 /* Products */,
				A320147AB21BE59EC69B3F47 /* Pods */,
				710549A05434C203D938AA5C /* Frameworks */,
			);
			sourceTree = "<group>";
		};
		E2D6DCBB290AA25A00784512 /* Products */ = {
			isa = PBXGroup;
			children = (
				E2D6DCBA290AA25A00784512 /* Clubhouse.app */,
			);
			name = Products;
			sourceTree = "<group>";
		};
		E2D6DCBC290AA25A00784512 /* Clubhouse */ = {
			isa = PBXGroup;
			children = (
				E2D6DCBD290AA25A00784512 /* AppDelegate.swift */,
				E2D6DCBF290AA25A00784512 /* SceneDelegate.swift */,
				E2D6DCC1290AA25A00784512 /* ViewController.swift */,
				E2D6DCC3290AA25A00784512 /* Main.storyboard */,
				E2D6DCC6290AA25E00784512 /* Assets.xcassets */,
				E2D6DCC8290AA25E00784512 /* LaunchScreen.storyboard */,
				E2D6DCCB290AA25E00784512 /* Info.plist */,
				E2D6DCD5290AC2BF00784512 /* SecondVC.swift */,
			);
			path = Clubhouse;
			sourceTree = "<group>";
		};
/* End PBXGroup section */

/* Begin PBXNativeTarget section */
		E2D6DCB9290AA25A00784512 /* Clubhouse */ = {
			isa = PBXNativeTarget;
			buildConfigurationList = E2D6DCCE290AA25E00784512 /* Build configuration list for PBXNativeTarget "Clubhouse" */;
			buildPhases = (
				7774522EF5023D5F3F9D64B9 /* [CP] Check Pods Manifest.lock */,
				E2D6DCB6290AA25A00784512 /* Sources */,
				E2D6DCB7290AA25A00784512 /* Frameworks */,
				E2D6DCB8290AA25A00784512 /* Resources */,
				C006F21004A98F12A94C0B15 /* [CP] Embed Pods Frameworks */,
			);
			buildRules = (
			);
			dependencies = (
			);
			name = Clubhouse;
			productName = Clubhouse;
			productReference = E2D6DCBA290AA25A00784512 /* Clubhouse.app */;
			productType = "com.apple.product-type.application";
		};
/* End PBXNativeTarget section */

/* Begin PBXProject section */
		E2D6DCB2290AA25A00784512 /* Project object */ = {
			isa = PBXProject;
			attributes = {
				LastSwiftUpdateCheck = 1230;
				LastUpgradeCheck = 1230;
				TargetAttributes = {
					E2D6DCB9290AA25A00784512 = {
						CreatedOnToolsVersion = 12.3;
					};
				};
			};
			buildConfigurationList = E2D6DCB5290AA25A00784512 /* Build configuration list for PBXProject "Clubhouse" */;
			compatibilityVersion = "Xcode 9.3";
			developmentRegion = en;
			hasScannedForEncodings = 0;
			knownRegions = (
				en,
				Base,
			);
			mainGroup = E2D6DCB1290AA25A00784512;
			productRefGroup = E2D6DCBB290AA25A00784512 /* Products */;
			projectDirPath = "";
			projectRoot = "";
			targets = (
				E2D6DCB9290AA25A00784512 /* Clubhouse */,
			);
		};
/* End PBXProject section */

/* Begin PBXResourcesBuildPhase section */
		E2D6DCB8290AA25A00784512 /* Resources */ = {
			isa = PBXResourcesBuildPhase;
			buildActionMask = 2147483647;
			files = (
				E2D6DCCA290AA25E00784512 /* LaunchScreen.storyboard in Resources */,
				E2D6DCC7290AA25E00784512 /* Assets.xcassets in Resources */,
				E2D6DCC5290AA25A00784512 /* Main.storyboard in Resources */,
			);
			runOnlyForDeploymentPostprocessing = 0;
		};
/* End PBXResourcesBuildPhase section */

/* Begin PBXShellScriptBuildPhase section */
		7774522EF5023D5F3F9D64B9 /* [CP] Check Pods Manifest.lock */ = {
			isa = PBXShellScriptBuildPhase;
			buildActionMask = 2147483647;
			files = (
			);
			inputFileListPaths = (
			);
			inputPaths = (
				"${PODS_PODFILE_DIR_PATH}/Podfile.lock",
				"${PODS_ROOT}/Manifest.lock",
			);
			name = "[CP] Check Pods Manifest.lock";
			outputFileListPaths = (
			);
			outputPaths = (
				"$(DERIVED_FILE_DIR)/Pods-Clubhouse-checkManifestLockResult.txt",
			);
			runOnlyForDeploymentPostprocessing = 0;
			shellPath = /bin/sh;
			shellScript = "diff \"${PODS_PODFILE_DIR_PATH}/Podfile.lock\" \"${PODS_ROOT}/Manifest.lock\" > /dev/null\nif [ $? != 0 ] ; then\n    # print error to STDERR\n    echo \"error: The sandbox is not in sync with the Podfile.lock. Run 'pod install' or update your CocoaPods installation.\" >&2\n    exit 1\nfi\n# This output is used by Xcode 'outputs' to avoid re-running this script phase.\necho \"SUCCESS\" > \"${SCRIPT_OUTPUT_FILE_0}\"\n";
			showEnvVarsInLog = 0;
		};
		C006F21004A98F12A94C0B15 /* [CP] Embed Pods Frameworks */ = {
			isa = PBXShellScriptBuildPhase;
			buildActionMask = 2147483647;
			files = (
			);
			inputFileListPaths = (
				"${PODS_ROOT}/Target Support Files/Pods-Clubhouse/Pods-Clubhouse-frameworks-${CONFIGURATION}-input-files.xcfilelist",
			);
			name = "[CP] Embed Pods Frameworks";
			outputFileListPaths = (
				"${PODS_ROOT}/Target Support Files/Pods-Clubhouse/Pods-Clubhouse-frameworks-${CONFIGURATION}-output-files.xcfilelist",
			);
			runOnlyForDeploymentPostprocessing = 0;
			shellPath = /bin/sh;
			shellScript = "\"${PODS_ROOT}/Target Support Files/Pods-Clubhouse/Pods-Clubhouse-frameworks.sh\"\n";
			showEnvVarsInLog = 0;
		};
/* End PBXShellScriptBuildPhase section */

/* Begin PBXSourcesBuildPhase section */
		E2D6DCB6290AA25A00784512 /* Sources */ = {
			isa = PBXSourcesBuildPhase;
			buildActionMask = 2147483647;
			files = (
				E2D6DCC2290AA25A00784512 /* ViewController.swift in Sources */,
				E2D6DCBE290AA25A00784512 /* AppDelegate.swift in Sources */,
				E2D6DCD6290AC2BF00784512 /* SecondVC.swift in Sources */,
				E2D6DCC0290AA25A00784512 /* SceneDelegate.swift in Sources */,
			);
			runOnlyForDeploymentPostprocessing = 0;
		};
/* End PBXSourcesBuildPhase section */

/* Begin PBXVariantGroup section */
		E2D6DCC3290AA25A00784512 /* Main.storyboard */ = {
			isa = PBXVariantGroup;
			children = (
				E2D6DCC4290AA25A00784512 /* Base */,
			);
			name = Main.storyboard;
			sourceTree = "<group>";
		};
		E2D6DCC8290AA25E00784512 /* LaunchScreen.storyboard */ = {
			isa = PBXVariantGroup;
			children = (
				E2D6DCC9290AA25E00784512 /* Base */,
			);
			name = LaunchScreen.storyboard;
			sourceTree = "<group>";
		};
/* End PBXVariantGroup section */

/* Begin XCBuildConfiguration section */
		E2D6DCCC290AA25E00784512 /* Debug */ = {
			isa = XCBuildConfiguration;
			buildSettings = {
				ALWAYS_SEARCH_USER_PATHS = NO;
				CLANG_ANALYZER_NONNULL = YES;
				CLANG_ANALYZER_NUMBER_OBJECT_CONVERSION = YES_AGGRESSIVE;
				CLANG_CXX_LANGUAGE_STANDARD = "gnu++14";
				CLANG_CXX_LIBRARY = "libc++";
				CLANG_ENABLE_MODULES = YES;
				CLANG_ENABLE_OBJC_ARC = YES;
				CLANG_ENABLE_OBJC_WEAK = YES;
				CLANG_WARN_BLOCK_CAPTURE_AUTORELEASING = YES;
				CLANG_WARN_BOOL_CONVERSION = YES;
				CLANG_WARN_COMMA = YES;
				CLANG_WARN_CONSTANT_CONVERSION = YES;
				CLANG_WARN_DEPRECATED_OBJC_IMPLEMENTATIONS = YES;
				CLANG_WARN_DIRECT_OBJC_ISA_USAGE = YES_ERROR;
				CLANG_WARN_DOCUMENTATION_COMMENTS = YES;
				CLANG_WARN_EMPTY_BODY = YES;
				CLANG_WARN_ENUM_CONVERSION = YES;
				CLANG_WARN_INFINITE_RECURSION = YES;
				CLANG_WARN_INT_CONVERSION = YES;
				CLANG_WARN_NON_LITERAL_NULL_CONVERSION = YES;
				CLANG_WARN_OBJC_IMPLICIT_RETAIN_SELF = YES;
				CLANG_WARN_OBJC_LITERAL_CONVERSION = YES;
				CLANG_WARN_OBJC_ROOT_CLASS = YES_ERROR;
				CLANG_WARN_QUOTED_INCLUDE_IN_FRAMEWORK_HEADER = YES;
				CLANG_WARN_RANGE_LOOP_ANALYSIS = YES;
				CLANG_WARN_STRICT_PROTOTYPES = YES;
				CLANG_WARN_SUSPICIOUS_MOVE = YES;
				CLANG_WARN_UNGUARDED_AVAILABILITY = YES_AGGRESSIVE;
				CLANG_WARN_UNREACHABLE_CODE = YES;
				CLANG_WARN__DUPLICATE_METHOD_MATCH = YES;
				COPY_PHASE_STRIP = NO;
				DEBUG_INFORMATION_FORMAT = dwarf;
				ENABLE_STRICT_OBJC_MSGSEND = YES;
				ENABLE_TESTABILITY = YES;
				GCC_C_LANGUAGE_STANDARD = gnu11;
				GCC_DYNAMIC_NO_PIC = NO;
				GCC_NO_COMMON_BLOCKS = YES;
				GCC_OPTIMIZATION_LEVEL = 0;
				GCC_PREPROCESSOR_DEFINITIONS = (
					"DEBUG=1",
					"$(inherited)",
				);
				GCC_WARN_64_TO_32_BIT_CONVERSION = YES;
				GCC_WARN_ABOUT_RETURN_TYPE = YES_ERROR;
				GCC_WARN_UNDECLARED_SELECTOR = YES;
				GCC_WARN_UNINITIALIZED_AUTOS = YES_AGGRESSIVE;
				GCC_WARN_UNUSED_FUNCTION = YES;
				GCC_WARN_UNUSED_VARIABLE = YES;
				IPHONEOS_DEPLOYMENT_TARGET = 14.3;
				MTL_ENABLE_DEBUG_INFO = INCLUDE_SOURCE;
				MTL_FAST_MATH = YES;
				ONLY_ACTIVE_ARCH = YES;
				SDKROOT = iphoneos;
				SWIFT_ACTIVE_COMPILATION_CONDITIONS = DEBUG;
				SWIFT_OPTIMIZATION_LEVEL = "-Onone";
			};
			name = Debug;
		};
		E2D6DCCD290AA25E00784512 /* Release */ = {
			isa = XCBuildConfiguration;
			buildSettings = {
				ALWAYS_SEARCH_USER_PATHS = NO;
				CLANG_ANALYZER_NONNULL = YES;
				CLANG_ANALYZER_NUMBER_OBJECT_CONVERSION = YES_AGGRESSIVE;
				CLANG_CXX_LANGUAGE_STANDARD = "gnu++14";
				CLANG_CXX_LIBRARY = "libc++";
				CLANG_ENABLE_MODULES = YES;
				CLANG_ENABLE_OBJC_ARC = YES;
				CLANG_ENABLE_OBJC_WEAK = YES;
				CLANG_WARN_BLOCK_CAPTURE_AUTORELEASING = YES;
				CLANG_WARN_BOOL_CONVERSION = YES;
				CLANG_WARN_COMMA = YES;
				CLANG_WARN_CONSTANT_CONVERSION = YES;
				CLANG_WARN_DEPRECATED_OBJC_IMPLEMENTATIONS = YES;
				CLANG_WARN_DIRECT_OBJC_ISA_USAGE = YES_ERROR;
				CLANG_WARN_DOCUMENTATION_COMMENTS = YES;
				CLANG_WARN_EMPTY_BODY = YES;
				CLANG_WARN_ENUM_CONVERSION = YES;
				CLANG_WARN_INFINITE_RECURSION = YES;
				CLANG_WARN_INT_CONVERSION = YES;
				CLANG_WARN_NON_LITERAL_NULL_CONVERSION = YES;
				CLANG_WARN_OBJC_IMPLICIT_RETAIN_SELF = YES;
				CLANG_WARN_OBJC_LITERAL_CONVERSION = YES;
				CLANG_WARN_OBJC_ROOT_CLASS = YES_ERROR;
				CLANG_WARN_QUOTED_INCLUDE_IN_FRAMEWORK_HEADER = YES;
				CLANG_WARN_RANGE_LOOP_ANALYSIS = YES;
				CLANG_WARN_STRICT_PROTOTYPES = YES;
				CLANG_WARN_SUSPICIOUS_MOVE = YES;
				CLANG_WARN_UNGUARDED_AVAILABILITY = YES_AGGRESSIVE;
				CLANG_WARN_UNREACHABLE_CODE = YES;
				CLANG_WARN__DUPLICATE_METHOD_MATCH = YES;
				COPY_PHASE_STRIP = NO;
				DEBUG_INFORMATION_FORMAT = "dwarf-with-dsym";
				ENABLE_NS_ASSERTIONS = NO;
				ENABLE_STRICT_OBJC_MSGSEND = YES;
				GCC_C_LANGUAGE_STANDARD = gnu11;
				GCC_NO_COMMON_BLOCKS = YES;
				GCC_WARN_64_TO_32_BIT_CONVERSION = YES;
				GCC_WARN_ABOUT_RETURN_TYPE = YES_ERROR;
				GCC_WARN_UNDECLARED_SELECTOR = YES;
				GCC_WARN_UNINITIALIZED_AUTOS = YES_AGGRESSIVE;
				GCC_WARN_UNUSED_FUNCTION = YES;
				GCC_WARN_UNUSED_VARIABLE = YES;
				IPHONEOS_DEPLOYMENT_TARGET = 14.3;
				MTL_ENABLE_DEBUG_INFO = NO;
				MTL_FAST_MATH = YES;
				SDKROOT = iphoneos;
				SWIFT_COMPILATION_MODE = wholemodule;
				SWIFT_OPTIMIZATION_LEVEL = "-O";
				VALIDATE_PRODUCT = YES;
			};
			name = Release;
		};
		E2D6DCCF290AA25E00784512 /* Debug */ = {
			isa = XCBuildConfiguration;
			baseConfigurationReference = 35BAC1CBEC12087C7A85FDFF /* Pods-Clubhouse.debug.xcconfig */;
			buildSettings = {
				ASSETCATALOG_COMPILER_APPICON_NAME = AppIcon;
				ASSETCATALOG_COMPILER_GLOBAL_ACCENT_COLOR_NAME = AccentColor;
				CODE_SIGN_STYLE = Automatic;
				DEVELOPMENT_TEAM = MWQUW5W64B;
				INFOPLIST_FILE = Clubhouse/Info.plist;
				LD_RUNPATH_SEARCH_PATHS = (
					"$(inherited)",
					"@executable_path/Frameworks",
				);
				PRODUCT_BUNDLE_IDENTIFIER = com.dr.alexandr.Clubhouse;
				PRODUCT_NAME = "$(TARGET_NAME)";
				SWIFT_VERSION = 5.0;
				TARGETED_DEVICE_FAMILY = "1,2";
			};
			name = Debug;
		};
		E2D6DCD0290AA25E00784512 /* Release */ = {
			isa = XCBuildConfiguration;
			baseConfigurationReference = F44A1C5B6EC7854FA3B7BC4C /* Pods-Clubhouse.release.xcconfig */;
			buildSettings = {
				ASSETCATALOG_COMPILER_APPICON_NAME = AppIcon;
				ASSETCATALOG_COMPILER_GLOBAL_ACCENT_COLOR_NAME = AccentColor;
				CODE_SIGN_STYLE = Automatic;
				DEVELOPMENT_TEAM = MWQUW5W64B;
				INFOPLIST_FILE = Clubhouse/Info.plist;
				LD_RUNPATH_SEARCH_PATHS = (
					"$(inherited)",
					"@executable_path/Frameworks",
				);
				PRODUCT_BUNDLE_IDENTIFIER = com.dr.alexandr.Clubhouse;
				PRODUCT_NAME = "$(TARGET_NAME)";
				SWIFT_VERSION = 5.0;
				TARGETED_DEVICE_FAMILY = "1,2";
			};
			name = Release;
		};
/* End XCBuildConfiguration section */

/* Begin XCConfigurationList section */
		E2D6DCB5290AA25A00784512 /* Build configuration list for PBXProject "Clubhouse" */ = {
			isa = XCConfigurationList;
			buildConfigurations = (
				E2D6DCCC290AA25E00784512 /* Debug */,
				E2D6DCCD290AA25E00784512 /* Release */,
			);
			defaultConfigurationIsVisible = 0;
			defaultConfigurationName = Release;
		};
		E2D6DCCE290AA25E00784512 /* Build configuration list for PBXNativeTarget "Clubhouse" */ = {
			isa = XCConfigurationList;
			buildConfigurations = (
				E2D6DCCF290AA25E00784512 /* Debug */,
				E2D6DCD0290AA25E00784512 /* Release */,
			);
			defaultConfigurationIsVisible = 0;
			defaultConfigurationName = Release;
		};
/* End XCConfigurationList section */
	};
	rootObject = E2D6DCB2290AA25A00784512 /* Project object */;
}
